
Microsoft Visual Studio Solution File, Format Version 12.00
Project("{FAE04EC0-301F-11D3-BF4B-00C04F79EFBC}") = "FoederAPI", "FoederAPI\FoederAPI.csproj", "{9339F1C4-5FC4-444C-8644-C7D9ABF6DC1C}"
EndProject
Project("{FAE04EC0-301F-11D3-BF4B-00C04F79EFBC}") = "FoederBusiness", "FoederBusiness\FoederBusiness.csproj", "{E26388B5-022C-459E-B068-786170AC94B3}"
EndProject
Global
	GlobalSection(SolutionConfigurationPlatforms) = preSolution
		Debug|Any CPU = Debug|Any CPU
		Release|Any CPU = Release|Any CPU
	EndGlobalSection
	GlobalSection(ProjectConfigurationPlatforms) = postSolution
		{9339F1C4-5FC4-444C-8644-C7D9ABF6DC1C}.Debug|Any CPU.ActiveCfg = Debug|Any CPU
		{9339F1C4-5FC4-444C-8644-C7D9ABF6DC1C}.Debug|Any CPU.Build.0 = Debug|Any CPU
		{9339F1C4-5FC4-444C-8644-C7D9ABF6DC1C}.Release|Any CPU.ActiveCfg = Release|Any CPU
		{9339F1C4-5FC4-444C-8644-C7D9ABF6DC1C}.Release|Any CPU.Build.0 = Release|Any CPU
		{E26388B5-022C-459E-B068-786170AC94B3}.Debug|Any CPU.ActiveCfg = Debug|Any CPU
		{E26388B5-022C-459E-B068-786170AC94B3}.Debug|Any CPU.Build.0 = Debug|Any CPU
		{E26388B5-022C-459E-B068-786170AC94B3}.Release|Any CPU.ActiveCfg = Release|Any CPU
		{E26388B5-022C-459E-B068-786170AC94B3}.Release|Any CPU.Build.0 = Release|Any CPU
	EndGlobalSection
EndGlobal
